
Microsoft Visual Studio Solution File, Format Version 12.00
# Visual Studio Version 17
VisualStudioVersion = 17.9.34607.119
MinimumVisualStudioVersion = 10.0.40219.1
Project("{FAE04EC0-301F-11D3-BF4B-00C04F79EFBC}") = "Activity4", "Activity4\Activity4.csproj", "{E04029D2-C82E-4E48-8DAE-C1BB0BA4DEE5}"
EndProject
Global
	GlobalSection(SolutionConfigurationPlatforms) = preSolution
		Debug|Any CPU = Debug|Any CPU
		Release|Any CPU = Release|Any CPU
	EndGlobalSection
	GlobalSection(ProjectConfigurationPlatforms) = postSolution
		{E04029D2-C82E-4E48-8DAE-C1BB0BA4DEE5}.Debug|Any CPU.ActiveCfg = Debug|Any CPU
		{E04029D2-C82E-4E48-8DAE-C1BB0BA4DEE5}.Debug|Any CPU.Build.0 = Debug|Any CPU
		{E04029D2-C82E-4E48-8DAE-C1BB0BA4DEE5}.Release|Any CPU.ActiveCfg = Release|Any CPU
		{E04029D2-C82E-4E48-8DAE-C1BB0BA4DEE5}.Release|Any CPU.Build.0 = Release|Any CPU
	EndGlobalSection
	GlobalSection(SolutionProperties) = preSolution
		HideSolutionNode = FALSE
	EndGlobalSection
	GlobalSection(ExtensibilityGlobals) = postSolution
		SolutionGuid = {513F1133-C446-41A4-B4BC-04867A74C671}
	EndGlobalSection
EndGlobal
